# THIS IS AN AUTOGENERATED FILE. DO NOT EDIT THIS FILE DIRECTLY.
# yarn lockfile v1


uurl@^0.0.1:
  version "0.0.1"
  resolved "https://registry.yarnpkg.com/uurl/-/uurl-0.0.1.tgz#4b846d71dedfb905da6b76ec52355e5a86476270"
  integrity sha512-ACqCt1qog+2o75yDpV1rdmHcUcYS0q0f0b7VvfoAdncKDqV6d99gDCjiPss133q3+pMyPP1KjSOoUmP+6AeGXg==
